
Microsoft Visual Studio Solution File, Format Version 12.00
# Visual Studio Version 17
VisualStudioVersion = 17.6.33723.286
MinimumVisualStudioVersion = 10.0.40219.1
Project("{FAE04EC0-301F-11D3-BF4B-00C04F79EFBC}") = "Stack", "Stack.csproj", "{EC29B191-109C-4D9B-8DCD-4616A2ADDEFB}"
EndProject
Global
	GlobalSection(SolutionConfigurationPlatforms) = preSolution
		Debug|Any CPU = Debug|Any CPU
		Release|Any CPU = Release|Any CPU
	EndGlobalSection
	GlobalSection(ProjectConfigurationPlatforms) = postSolution
		{EC29B191-109C-4D9B-8DCD-4616A2ADDEFB}.Debug|Any CPU.ActiveCfg = Debug|Any CPU
		{EC29B191-109C-4D9B-8DCD-4616A2ADDEFB}.Debug|Any CPU.Build.0 = Debug|Any CPU
		{EC29B191-109C-4D9B-8DCD-4616A2ADDEFB}.Release|Any CPU.ActiveCfg = Release|Any CPU
		{EC29B191-109C-4D9B-8DCD-4616A2ADDEFB}.Release|Any CPU.Build.0 = Release|Any CPU
	EndGlobalSection
	GlobalSection(SolutionProperties) = preSolution
		HideSolutionNode = FALSE
	EndGlobalSection
	GlobalSection(ExtensibilityGlobals) = postSolution
		SolutionGuid = {52613D5C-F276-4E76-8701-F5D1359FCD91}
	EndGlobalSection
EndGlobal
